Microsoft Visual Studio Solution File, Format Version 12.00
# Visual Studio Version 17.0
#
# xmake version 2.9.7+dev.686b414c9
#
#   This file is auto generated by xmake.
#
#   Please DO NOT EDIT since all your modification will lost after re-generation.
#   See https://github.com/xmake-io/xmake/pull/472 for more infomation.
#
VisualStudioVersion = 17.0
MinimumVisualStudioVersion = 10.0.40219.1
Project("{8BC9CEB8-8B4A-11D0-8D11-00A0C91BC942}") = "summary", "summary\summary.vcxproj", "{D7FA2678-8BF1-40CE-89C0-C0C308A5A91E}"
EndProject
Project("{8BC9CEB8-8B4A-11D0-8D11-00A0C91BC942}") = "learn", "learn\learn.vcxproj", "{621F79F3-9BD1-4237-9D5D-AB356C87DD75}"
EndProject
Project("{8BC9CEB8-8B4A-11D0-8D11-00A0C91BC942}") = "test", "test\test.vcxproj", "{9145EEE1-ADD4-4868-9B0F-9EBC16654007}"
EndProject


Project("{2150E333-8FDC-42A3-9474-1A3956D46DE8}") = "Properties", "Properties", "{007754BD-BB1F-452F-A0D8-13EF216C5ED9}"
	ProjectSection(SolutionItems) = preProject
		Xmake.Custom.props = Xmake.Custom.props
		Xmake.Custom.targets = Xmake.Custom.targets
		..\xmake.lua = ..\xmake.lua
	EndProjectSection
EndProject
Global
	GlobalSection(SolutionConfigurationPlatforms) = preSolution
		debug|x64 = debug|x64
		release|x64 = release|x64
	EndGlobalSection
	GlobalSection(ProjectConfigurationPlatforms) = postSolution
		{D7FA2678-8BF1-40CE-89C0-C0C308A5A91E}.debug|x64.ActiveCfg = debug|x64
		{D7FA2678-8BF1-40CE-89C0-C0C308A5A91E}.debug|x64.Build.0 = debug|x64
		{621F79F3-9BD1-4237-9D5D-AB356C87DD75}.debug|x64.ActiveCfg = debug|x64
		{621F79F3-9BD1-4237-9D5D-AB356C87DD75}.debug|x64.Build.0 = debug|x64
		{9145EEE1-ADD4-4868-9B0F-9EBC16654007}.debug|x64.ActiveCfg = debug|x64
		{9145EEE1-ADD4-4868-9B0F-9EBC16654007}.debug|x64.Build.0 = debug|x64
		{D7FA2678-8BF1-40CE-89C0-C0C308A5A91E}.release|x64.ActiveCfg = release|x64
		{D7FA2678-8BF1-40CE-89C0-C0C308A5A91E}.release|x64.Build.0 = release|x64
		{621F79F3-9BD1-4237-9D5D-AB356C87DD75}.release|x64.ActiveCfg = release|x64
		{621F79F3-9BD1-4237-9D5D-AB356C87DD75}.release|x64.Build.0 = release|x64
		{9145EEE1-ADD4-4868-9B0F-9EBC16654007}.release|x64.ActiveCfg = release|x64
		{9145EEE1-ADD4-4868-9B0F-9EBC16654007}.release|x64.Build.0 = release|x64
	EndGlobalSection
	GlobalSection(SolutionProperties) = preSolution
		HideSolutionNode = FALSE
	EndGlobalSection
	GlobalSection(NestedProjects) = preSolution
	EndGlobalSection
	GlobalSection(ExtensibilityGlobals) = postSolution
		SolutionGuid = {21950E5A-436A-4CE9-8F49-C97604FD4FDD}
	EndGlobalSection
EndGlobal
